
Microsoft Visual Studio Solution File, Format Version 12.00
# Visual Studio Version 17
VisualStudioVersion = 17.0.31903.59
MinimumVisualStudioVersion = 10.0.40219.1
Project("{2150E333-8FDC-42A3-9474-1A3956D46DE8}") = "src", "src", "{827E0CD3-B72D-47B6-A68D-7590B98EB39B}"
EndProject
Project("{FAE04EC0-301F-11D3-BF4B-00C04F79EFBC}") = "EscolaAtenta.Domain", "src\EscolaAtenta.Domain\EscolaAtenta.Domain.csproj", "{2407167F-7F5B-4A48-A1F9-62BD24B6EE45}"
EndProject
Project("{FAE04EC0-301F-11D3-BF4B-00C04F79EFBC}") = "EscolaAtenta.Application", "src\EscolaAtenta.Application\EscolaAtenta.Application.csproj", "{3A14579F-9B8C-4B24-8412-D206FECFE1AE}"
EndProject
Project("{FAE04EC0-301F-11D3-BF4B-00C04F79EFBC}") = "EscolaAtenta.Infrastructure", "src\EscolaAtenta.Infrastructure\EscolaAtenta.Infrastructure.csproj", "{91A80121-8B76-481C-AED1-02204BB3005B}"
EndProject
Project("{FAE04EC0-301F-11D3-BF4B-00C04F79EFBC}") = "EscolaAtenta.API", "src\EscolaAtenta.API\EscolaAtenta.API.csproj", "{287CF58B-D70B-4E79-BF07-7476BD73AEA1}"
EndProject
Project("{2150E333-8FDC-42A3-9474-1A3956D46DE8}") = "Tests", "Tests", "{0AB3BF05-4346-4AA6-1389-037BE0695223}"
EndProject
Project("{FAE04EC0-301F-11D3-BF4B-00C04F79EFBC}") = "EscolaAtenta.Domain.Tests", "Tests\EscolaAtenta.Domain.Tests\EscolaAtenta.Domain.Tests.csproj", "{7B485017-E255-4097-BF23-734F170CABD2}"
EndProject
Project("{FAE04EC0-301F-11D3-BF4B-00C04F79EFBC}") = "EscolaAtenta.TrayMonitor", "src\EscolaAtenta.TrayMonitor\EscolaAtenta.TrayMonitor.csproj", "{CA6DBFF5-73BA-4FA3-8965-8FF87055C794}"
EndProject
Project("{FAE04EC0-301F-11D3-BF4B-00C04F79EFBC}") = "EscolaAtenta.Application.Tests", "Tests\EscolaAtenta.Application.Tests\EscolaAtenta.Application.Tests.csproj", "{3E39A707-F903-4D9C-8180-F234D379D8F3}"
EndProject
Global
	GlobalSection(SolutionConfigurationPlatforms) = preSolution
		Debug|Any CPU = Debug|Any CPU
		Debug|x64 = Debug|x64
		Debug|x86 = Debug|x86
		Release|Any CPU = Release|Any CPU
		Release|x64 = Release|x64
		Release|x86 = Release|x86
	EndGlobalSection
	GlobalSection(ProjectConfigurationPlatforms) = postSolution
		{2407167F-7F5B-4A48-A1F9-62BD24B6EE45}.Debug|Any CPU.ActiveCfg = Debug|Any CPU
		{2407167F-7F5B-4A48-A1F9-62BD24B6EE45}.Debug|Any CPU.Build.0 = Debug|Any CPU
		{2407167F-7F5B-4A48-A1F9-62BD24B6EE45}.Debug|x64.ActiveCfg = Debug|Any CPU
		{2407167F-7F5B-4A48-A1F9-62BD24B6EE45}.Debug|x64.Build.0 = Debug|Any CPU
		{2407167F-7F5B-4A48-A1F9-62BD24B6EE45}.Debug|x86.ActiveCfg = Debug|Any CPU
		{2407167F-7F5B-4A48-A1F9-62BD24B6EE45}.Debug|x86.Build.0 = Debug|Any CPU
		{2407167F-7F5B-4A48-A1F9-62BD24B6EE45}.Release|Any CPU.ActiveCfg = Release|Any CPU
		{2407167F-7F5B-4A48-A1F9-62BD24B6EE45}.Release|Any CPU.Build.0 = Release|Any CPU
		{2407167F-7F5B-4A48-A1F9-62BD24B6EE45}.Release|x64.ActiveCfg = Release|Any CPU
		{2407167F-7F5B-4A48-A1F9-62BD24B6EE45}.Release|x64.Build.0 = Release|Any CPU
		{2407167F-7F5B-4A48-A1F9-62BD24B6EE45}.Release|x86.ActiveCfg = Release|Any CPU
		{2407167F-7F5B-4A48-A1F9-62BD24B6EE45}.Release|x86.Build.0 = Release|Any CPU
		{3A14579F-9B8C-4B24-8412-D206FECFE1AE}.Debug|Any CPU.ActiveCfg = Debug|Any CPU
		{3A14579F-9B8C-4B24-8412-D206FECFE1AE}.Debug|Any CPU.Build.0 = Debug|Any CPU
		{3A14579F-9B8C-4B24-8412-D206FECFE1AE}.Debug|x64.ActiveCfg = Debug|Any CPU
		{3A14579F-9B8C-4B24-8412-D206FECFE1AE}.Debug|x64.Build.0 = Debug|Any CPU
		{3A14579F-9B8C-4B24-8412-D206FECFE1AE}.Debug|x86.ActiveCfg = Debug|Any CPU
		{3A14579F-9B8C-4B24-8412-D206FECFE1AE}.Debug|x86.Build.0 = Debug|Any CPU
		{3A14579F-9B8C-4B24-8412-D206FECFE1AE}.Release|Any CPU.ActiveCfg = Release|Any CPU
		{3A14579F-9B8C-4B24-8412-D206FECFE1AE}.Release|Any CPU.Build.0 = Release|Any CPU
		{3A14579F-9B8C-4B24-8412-D206FECFE1AE}.Release|x64.ActiveCfg = Release|Any CPU
		{3A14579F-9B8C-4B24-8412-D206FECFE1AE}.Release|x64.Build.0 = Release|Any CPU
		{3A14579F-9B8C-4B24-8412-D206FECFE1AE}.Release|x86.ActiveCfg = Release|Any CPU
		{3A14579F-9B8C-4B24-8412-D206FECFE1AE}.Release|x86.Build.0 = Release|Any CPU
		{91A80121-8B76-481C-AED1-02204BB3005B}.Debug|Any CPU.ActiveCfg = Debug|Any CPU
		{91A80121-8B76-481C-AED1-02204BB3005B}.Debug|Any CPU.Build.0 = Debug|Any CPU
		{91A80121-8B76-481C-AED1-02204BB3005B}.Debug|x64.ActiveCfg = Debug|Any CPU
		{91A80121-8B76-481C-AED1-02204BB3005B}.Debug|x64.Build.0 = Debug|Any CPU
		{91A80121-8B76-481C-AED1-02204BB3005B}.Debug|x86.ActiveCfg = Debug|Any CPU
		{91A80121-8B76-481C-AED1-02204BB3005B}.Debug|x86.Build.0 = Debug|Any CPU
		{91A80121-8B76-481C-AED1-02204BB3005B}.Release|Any CPU.ActiveCfg = Release|Any CPU
		{91A80121-8B76-481C-AED1-02204BB3005B}.Release|Any CPU.Build.0 = Release|Any CPU
		{91A80121-8B76-481C-AED1-02204BB3005B}.Release|x64.ActiveCfg = Release|Any CPU
		{91A80121-8B76-481C-AED1-02204BB3005B}.Release|x64.Build.0 = Release|Any CPU
		{91A80121-8B76-481C-AED1-02204BB3005B}.Release|x86.ActiveCfg = Release|Any CPU
		{91A80121-8B76-481C-AED1-02204BB3005B}.Release|x86.Build.0 = Release|Any CPU
		{287CF58B-D70B-4E79-BF07-7476BD73AEA1}.Debug|Any CPU.ActiveCfg = Debug|Any CPU
		{287CF58B-D70B-4E79-BF07-7476BD73AEA1}.Debug|Any CPU.Build.0 = Debug|Any CPU
		{287CF58B-D70B-4E79-BF07-7476BD73AEA1}.Debug|x64.ActiveCfg = Debug|Any CPU
		{287CF58B-D70B-4E79-BF07-7476BD73AEA1}.Debug|x64.Build.0 = Debug|Any CPU
		{287CF58B-D70B-4E79-BF07-7476BD73AEA1}.Debug|x86.ActiveCfg = Debug|Any CPU
		{287CF58B-D70B-4E79-BF07-7476BD73AEA1}.Debug|x86.Build.0 = Debug|Any CPU
		{287CF58B-D70B-4E79-BF07-7476BD73AEA1}.Release|Any CPU.ActiveCfg = Release|Any CPU
		{287CF58B-D70B-4E79-BF07-7476BD73AEA1}.Release|Any CPU.Build.0 = Release|Any CPU
		{287CF58B-D70B-4E79-BF07-7476BD73AEA1}.Release|x64.ActiveCfg = Release|Any CPU
		{287CF58B-D70B-4E79-BF07-7476BD73AEA1}.Release|x64.Build.0 = Release|Any CPU
		{287CF58B-D70B-4E79-BF07-7476BD73AEA1}.Release|x86.ActiveCfg = Release|Any CPU
		{287CF58B-D70B-4E79-BF07-7476BD73AEA1}.Release|x86.Build.0 = Release|Any CPU
		{7B485017-E255-4097-BF23-734F170CABD2}.Debug|Any CPU.ActiveCfg = Debug|Any CPU
		{7B485017-E255-4097-BF23-734F170CABD2}.Debug|Any CPU.Build.0 = Debug|Any CPU
		{7B485017-E255-4097-BF23-734F170CABD2}.Debug|x64.ActiveCfg = Debug|Any CPU
		{7B485017-E255-4097-BF23-734F170CABD2}.Debug|x64.Build.0 = Debug|Any CPU
		{7B485017-E255-4097-BF23-734F170CABD2}.Debug|x86.ActiveCfg = Debug|Any CPU
		{7B485017-E255-4097-BF23-734F170CABD2}.Debug|x86.Build.0 = Debug|Any CPU
		{7B485017-E255-4097-BF23-734F170CABD2}.Release|Any CPU.ActiveCfg = Release|Any CPU
		{7B485017-E255-4097-BF23-734F170CABD2}.Release|Any CPU.Build.0 = Release|Any CPU
		{7B485017-E255-4097-BF23-734F170CABD2}.Release|x64.ActiveCfg = Release|Any CPU
		{7B485017-E255-4097-BF23-734F170CABD2}.Release|x64.Build.0 = Release|Any CPU
		{7B485017-E255-4097-BF23-734F170CABD2}.Release|x86.ActiveCfg = Release|Any CPU
		{7B485017-E255-4097-BF23-734F170CABD2}.Release|x86.Build.0 = Release|Any CPU
		{CA6DBFF5-73BA-4FA3-8965-8FF87055C794}.Debug|Any CPU.ActiveCfg = Debug|Any CPU
		{CA6DBFF5-73BA-4FA3-8965-8FF87055C794}.Debug|Any CPU.Build.0 = Debug|Any CPU
		{CA6DBFF5-73BA-4FA3-8965-8FF87055C794}.Debug|x64.ActiveCfg = Debug|Any CPU
		{CA6DBFF5-73BA-4FA3-8965-8FF87055C794}.Debug|x64.Build.0 = Debug|Any CPU
		{CA6DBFF5-73BA-4FA3-8965-8FF87055C794}.Debug|x86.ActiveCfg = Debug|Any CPU
		{CA6DBFF5-73BA-4FA3-8965-8FF87055C794}.Debug|x86.Build.0 = Debug|Any CPU
		{CA6DBFF5-73BA-4FA3-8965-8FF87055C794}.Release|Any CPU.ActiveCfg = Release|Any CPU
		{CA6DBFF5-73BA-4FA3-8965-8FF87055C794}.Release|Any CPU.Build.0 = Release|Any CPU
		{CA6DBFF5-73BA-4FA3-8965-8FF87055C794}.Release|x64.ActiveCfg = Release|Any CPU
		{CA6DBFF5-73BA-4FA3-8965-8FF87055C794}.Release|x64.Build.0 = Release|Any CPU
		{CA6DBFF5-73BA-4FA3-8965-8FF87055C794}.Release|x86.ActiveCfg = Release|Any CPU
		{CA6DBFF5-73BA-4FA3-8965-8FF87055C794}.Release|x86.Build.0 = Release|Any CPU
		{3E39A707-F903-4D9C-8180-F234D379D8F3}.Debug|Any CPU.ActiveCfg = Debug|Any CPU
		{3E39A707-F903-4D9C-8180-F234D379D8F3}.Debug|Any CPU.Build.0 = Debug|Any CPU
		{3E39A707-F903-4D9C-8180-F234D379D8F3}.Debug|x64.ActiveCfg = Debug|Any CPU
		{3E39A707-F903-4D9C-8180-F234D379D8F3}.Debug|x64.Build.0 = Debug|Any CPU
		{3E39A707-F903-4D9C-8180-F234D379D8F3}.Debug|x86.ActiveCfg = Debug|Any CPU
		{3E39A707-F903-4D9C-8180-F234D379D8F3}.Debug|x86.Build.0 = Debug|Any CPU
		{3E39A707-F903-4D9C-8180-F234D379D8F3}.Release|Any CPU.ActiveCfg = Release|Any CPU
		{3E39A707-F903-4D9C-8180-F234D379D8F3}.Release|Any CPU.Build.0 = Release|Any CPU
		{3E39A707-F903-4D9C-8180-F234D379D8F3}.Release|x64.ActiveCfg = Release|Any CPU
		{3E39A707-F903-4D9C-8180-F234D379D8F3}.Release|x64.Build.0 = Release|Any CPU
		{3E39A707-F903-4D9C-8180-F234D379D8F3}.Release|x86.ActiveCfg = Release|Any CPU
		{3E39A707-F903-4D9C-8180-F234D379D8F3}.Release|x86.Build.0 = Release|Any CPU
	EndGlobalSection
	GlobalSection(SolutionProperties) = preSolution
		HideSolutionNode = FALSE
	EndGlobalSection
	GlobalSection(NestedProjects) = preSolution
		{2407167F-7F5B-4A48-A1F9-62BD24B6EE45} = {827E0CD3-B72D-47B6-A68D-7590B98EB39B}
		{3A14579F-9B8C-4B24-8412-D206FECFE1AE} = {827E0CD3-B72D-47B6-A68D-7590B98EB39B}
		{91A80121-8B76-481C-AED1-02204BB3005B} = {827E0CD3-B72D-47B6-A68D-7590B98EB39B}
		{287CF58B-D70B-4E79-BF07-7476BD73AEA1} = {827E0CD3-B72D-47B6-A68D-7590B98EB39B}
		{7B485017-E255-4097-BF23-734F170CABD2} = {0AB3BF05-4346-4AA6-1389-037BE0695223}
		{CA6DBFF5-73BA-4FA3-8965-8FF87055C794} = {827E0CD3-B72D-47B6-A68D-7590B98EB39B}
		{3E39A707-F903-4D9C-8180-F234D379D8F3} = {0AB3BF05-4346-4AA6-1389-037BE0695223}
	EndGlobalSection
EndGlobal
